
Microsoft Visual Studio Solution File, Format Version 12.00
# Visual Studio Version 17
VisualStudioVersion = 17.7.34031.279
MinimumVisualStudioVersion = 10.0.40219.1
Project("{FAE04EC0-301F-11D3-BF4B-00C04F79EFBC}") = "ConsoleAppEFwoensdagCRUD", "ConsoleAppEFwoensdagCRUD.csproj", "{A1339700-02FD-4F1C-9EEA-F5499EC73EB3}"
EndProject
Global
	GlobalSection(SolutionConfigurationPlatforms) = preSolution
		Debug|Any CPU = Debug|Any CPU
		Release|Any CPU = Release|Any CPU
	EndGlobalSection
	GlobalSection(ProjectConfigurationPlatforms) = postSolution
		{A1339700-02FD-4F1C-9EEA-F5499EC73EB3}.Debug|Any CPU.ActiveCfg = Debug|Any CPU
		{A1339700-02FD-4F1C-9EEA-F5499EC73EB3}.Debug|Any CPU.Build.0 = Debug|Any CPU
		{A1339700-02FD-4F1C-9EEA-F5499EC73EB3}.Release|Any CPU.ActiveCfg = Release|Any CPU
		{A1339700-02FD-4F1C-9EEA-F5499EC73EB3}.Release|Any CPU.Build.0 = Release|Any CPU
	EndGlobalSection
	GlobalSection(SolutionProperties) = preSolution
		HideSolutionNode = FALSE
	EndGlobalSection
	GlobalSection(ExtensibilityGlobals) = postSolution
		SolutionGuid = {B76ADC44-A1E6-4DAC-ACC2-559B83637042}
	EndGlobalSection
EndGlobal
